
Microsoft Visual Studio Solution File, Format Version 12.00
# Visual Studio Version 17
VisualStudioVersion = 17.8.34511.84
MinimumVisualStudioVersion = 10.0.40219.1
Project("{9A19103F-16F7-4668-BE54-9A1E7A4F7556}") = "AuthCenter", "AuthCenter\AuthCenter.csproj", "{FB579DE1-2C5B-408C-AB05-E0B5384E7BCF}"
EndProject
Project("{9A19103F-16F7-4668-BE54-9A1E7A4F7556}") = "ConsoleApp", "ConsoleApp\ConsoleApp.csproj", "{8088964D-4EFD-4082-B687-B2846090E797}"
EndProject
Global
	GlobalSection(SolutionConfigurationPlatforms) = preSolution
		Debug|Any CPU = Debug|Any CPU
		Release|Any CPU = Release|Any CPU
	EndGlobalSection
	GlobalSection(ProjectConfigurationPlatforms) = postSolution
		{FB579DE1-2C5B-408C-AB05-E0B5384E7BCF}.Debug|Any CPU.ActiveCfg = Debug|Any CPU
		{FB579DE1-2C5B-408C-AB05-E0B5384E7BCF}.Debug|Any CPU.Build.0 = Debug|Any CPU
		{FB579DE1-2C5B-408C-AB05-E0B5384E7BCF}.Release|Any CPU.ActiveCfg = Release|Any CPU
		{FB579DE1-2C5B-408C-AB05-E0B5384E7BCF}.Release|Any CPU.Build.0 = Release|Any CPU
		{8088964D-4EFD-4082-B687-B2846090E797}.Debug|Any CPU.ActiveCfg = Debug|Any CPU
		{8088964D-4EFD-4082-B687-B2846090E797}.Debug|Any CPU.Build.0 = Debug|Any CPU
		{8088964D-4EFD-4082-B687-B2846090E797}.Release|Any CPU.ActiveCfg = Release|Any CPU
		{8088964D-4EFD-4082-B687-B2846090E797}.Release|Any CPU.Build.0 = Release|Any CPU
	EndGlobalSection
	GlobalSection(SolutionProperties) = preSolution
		HideSolutionNode = FALSE
	EndGlobalSection
	GlobalSection(ExtensibilityGlobals) = postSolution
		SolutionGuid = {8F10FF3D-6025-450E-B0ED-7652FB1793B9}
	EndGlobalSection
EndGlobal
